
Microsoft Visual Studio Solution File, Format Version 12.00
# Visual Studio 14
VisualStudioVersion = 14.0.25123.0
MinimumVisualStudioVersion = 10.0.40219.1
Project("{FAE04EC0-301F-11D3-BF4B-00C04F79EFBC}") = "Sqs", "Sqs\Sqs\Sqs.csproj", "{5FCF824D-64B4-45FB-BD6A-04E203C0B33E}"
EndProject
Project("{FAE04EC0-301F-11D3-BF4B-00C04F79EFBC}") = "Api", "Api\Api.csproj", "{855156CD-6F92-4FFD-8DDD-8D672E5648DF}"
EndProject
Project("{FAE04EC0-301F-11D3-BF4B-00C04F79EFBC}") = "AzureWeb", "AzureWeb\AzureWeb.csproj", "{87FDABA2-61C4-4592-80BD-26623F954DC2}"
EndProject
Project("{FAE04EC0-301F-11D3-BF4B-00C04F79EFBC}") = "Core", "Core\Core.csproj", "{66632063-748C-4E65-A099-FE0B84CD9385}"
EndProject
Global
	GlobalSection(SolutionConfigurationPlatforms) = preSolution
		Debug|Any CPU = Debug|Any CPU
		Release|Any CPU = Release|Any CPU
	EndGlobalSection
	GlobalSection(ProjectConfigurationPlatforms) = postSolution
		{5FCF824D-64B4-45FB-BD6A-04E203C0B33E}.Debug|Any CPU.ActiveCfg = Debug|Any CPU
		{5FCF824D-64B4-45FB-BD6A-04E203C0B33E}.Debug|Any CPU.Build.0 = Debug|Any CPU
		{5FCF824D-64B4-45FB-BD6A-04E203C0B33E}.Release|Any CPU.ActiveCfg = Release|Any CPU
		{5FCF824D-64B4-45FB-BD6A-04E203C0B33E}.Release|Any CPU.Build.0 = Release|Any CPU
		{855156CD-6F92-4FFD-8DDD-8D672E5648DF}.Debug|Any CPU.ActiveCfg = Debug|Any CPU
		{855156CD-6F92-4FFD-8DDD-8D672E5648DF}.Debug|Any CPU.Build.0 = Debug|Any CPU
		{855156CD-6F92-4FFD-8DDD-8D672E5648DF}.Release|Any CPU.ActiveCfg = Release|Any CPU
		{855156CD-6F92-4FFD-8DDD-8D672E5648DF}.Release|Any CPU.Build.0 = Release|Any CPU
		{87FDABA2-61C4-4592-80BD-26623F954DC2}.Debug|Any CPU.ActiveCfg = Debug|Any CPU
		{87FDABA2-61C4-4592-80BD-26623F954DC2}.Debug|Any CPU.Build.0 = Debug|Any CPU
		{87FDABA2-61C4-4592-80BD-26623F954DC2}.Release|Any CPU.ActiveCfg = Release|Any CPU
		{87FDABA2-61C4-4592-80BD-26623F954DC2}.Release|Any CPU.Build.0 = Release|Any CPU
		{66632063-748C-4E65-A099-FE0B84CD9385}.Debug|Any CPU.ActiveCfg = Debug|Any CPU
		{66632063-748C-4E65-A099-FE0B84CD9385}.Debug|Any CPU.Build.0 = Debug|Any CPU
		{66632063-748C-4E65-A099-FE0B84CD9385}.Release|Any CPU.ActiveCfg = Release|Any CPU
		{66632063-748C-4E65-A099-FE0B84CD9385}.Release|Any CPU.Build.0 = Release|Any CPU
	EndGlobalSection
	GlobalSection(SolutionProperties) = preSolution
		HideSolutionNode = FALSE
	EndGlobalSection
EndGlobal
